
Microsoft Visual Studio Solution File, Format Version 12.00
# Visual Studio Version 17
VisualStudioVersion = 17.0.32014.148
MinimumVisualStudioVersion = 10.0.40219.1
Project("{FAE04EC0-301F-11D3-BF4B-00C04F79EFBC}") = "Consumer", "Consumer\Consumer.csproj", "{CCFB4959-511D-4370-8EEC-586A0C7DFECD}"
EndProject
Global
	GlobalSection(SolutionConfigurationPlatforms) = preSolution
		Debug|Any CPU = Debug|Any CPU
		Release|Any CPU = Release|Any CPU
	EndGlobalSection
	GlobalSection(ProjectConfigurationPlatforms) = postSolution
		{CCFB4959-511D-4370-8EEC-586A0C7DFECD}.Debug|Any CPU.ActiveCfg = Debug|Any CPU
		{CCFB4959-511D-4370-8EEC-586A0C7DFECD}.Debug|Any CPU.Build.0 = Debug|Any CPU
		{CCFB4959-511D-4370-8EEC-586A0C7DFECD}.Release|Any CPU.ActiveCfg = Release|Any CPU
		{CCFB4959-511D-4370-8EEC-586A0C7DFECD}.Release|Any CPU.Build.0 = Release|Any CPU
	EndGlobalSection
	GlobalSection(SolutionProperties) = preSolution
		HideSolutionNode = FALSE
	EndGlobalSection
	GlobalSection(ExtensibilityGlobals) = postSolution
		SolutionGuid = {CE5D8B5A-D3A9-4475-A4A4-0D63C8222A35}
	EndGlobalSection
EndGlobal
